{
  "name": "ui",
  "version": "0.0.1-beta.1",
  "lockfileVersion": 3,
  "requires": true,
  "packages": {
    "": {
      "name": "ui",
      "version": "0.0.1-beta.1",
      "license": "ISC",
      "dependencies": {
        "@types/d3": "^7.4.3",
        "d3": "^7.9.0"
      }
    },
    "node_modules/@types/d3": {
      "version": "7.4.3",
      "resolved": "http://r.npm.sankuai.com/@types/d3/download/@types/d3-7.4.3.tgz",
      "integrity": "sha1-1FUKhdCPSXj68KTDa4SMYeqsB+I=",
      "license": "MIT",
      "dependencies": {
        "@types/d3-array": "*",
        "@types/d3-axis": "*",
        "@types/d3-brush": "*",
        "@types/d3-chord": "*",
        "@types/d3-color": "*",
        "@types/d3-contour": "*",
        "@types/d3-delaunay": "*",
        "@types/d3-dispatch": "*",
        "@types/d3-drag": "*",
        "@types/d3-dsv": "*",
        "@types/d3-ease": "*",
        "@types/d3-fetch": "*",
        "@types/d3-force": "*",
        "@types/d3-format": "*",
        "@types/d3-geo": "*",
        "@types/d3-hierarchy": "*",
        "@types/d3-interpolate": "*",
        "@types/d3-path": "*",
        "@types/d3-polygon": "*",
        "@types/d3-quadtree": "*",
        "@types/d3-random": "*",
        "@types/d3-scale": "*",
        "@types/d3-scale-chromatic": "*",
        "@types/d3-selection": "*",
        "@types/d3-shape": "*",
        "@types/d3-time": "*",
        "@types/d3-time-format": "*",
        "@types/d3-timer": "*",
        "@types/d3-transition": "*",
        "@types/d3-zoom": "*"
      }
    },
    "node_modules/@types/d3-array": {
      "version": "3.2.1",
      "resolved": "http://r.npm.sankuai.com/@types/d3-array/download/@types/d3-array-3.2.1.tgz",
      "integrity": "sha1-H2ZY49IAbE/OrFP95GQWaFn4uMU=",
      "license": "MIT"
    },
    "node_modules/@types/d3-axis": {
      "version": "3.0.6",
      "resolved": "http://r.npm.sankuai.com/@types/d3-axis/download/@types/d3-axis-3.0.6.tgz",
      "integrity": "sha1-52DldluBiLHe+jK8i7YGL4Hkx5U=",
      "license": "MIT",
      "dependencies": {
        "@types/d3-selection": "*"
      }
    },
    "node_modules/@types/d3-brush": {
      "version": "3.0.6",
      "resolved": "http://r.npm.sankuai.com/@types/d3-brush/download/@types/d3-brush-3.0.6.tgz",
      "integrity": "sha1-wvQ2KwRdRy4bGGzb7DKbpSva7mw=",
      "license": "MIT",
      "dependencies": {
        "@types/d3-selection": "*"
      }
    },
    "node_modules/@types/d3-chord": {
      "version": "3.0.6",
      "resolved": "http://r.npm.sankuai.com/@types/d3-chord/download/@types/d3-chord-3.0.6.tgz",
      "integrity": "sha1-FwbKQM9+pZoK3Y9EVu//j4d1eT0=",
      "license": "MIT"
    },
    "node_modules/@types/d3-color": {
      "version": "3.1.3",
      "resolved": "http://r.npm.sankuai.com/@types/d3-color/download/@types/d3-color-3.1.3.tgz",
      "integrity": "sha1-NoyWGhjech2oIA6AvzlD+1MTavI=",
      "license": "MIT"
    },
    "node_modules/@types/d3-contour": {
      "version": "3.0.6",
      "resolved": "http://r.npm.sankuai.com/@types/d3-contour/download/@types/d3-contour-3.0.6.tgz",
      "integrity": "sha1-mto/qcTQDjpQk/7QNWx6uSlgQjE=",
      "license": "MIT",
      "dependencies": {
        "@types/d3-array": "*",
        "@types/geojson": "*"
      }
    },
    "node_modules/@types/d3-delaunay": {
      "version": "6.0.4",
      "resolved": "http://r.npm.sankuai.com/@types/d3-delaunay/download/@types/d3-delaunay-6.0.4.tgz",
      "integrity": "sha1-GFwagMyAf92io/6WD3wRxKJ5UuE=",
      "license": "MIT"
    },
    "node_modules/@types/d3-dispatch": {
      "version": "3.0.7",
      "resolved": "http://r.npm.sankuai.com/@types/d3-dispatch/download/@types/d3-dispatch-3.0.7.tgz",
      "integrity": "sha1-7wBNihKARs/OQ00XGC+DTkTvlbI=",
      "license": "MIT"
    },
    "node_modules/@types/d3-drag": {
      "version": "3.0.7",
      "resolved": "http://r.npm.sankuai.com/@types/d3-drag/download/@types/d3-drag-3.0.7.tgz",
      "integrity": "sha1-sTq6iyRCtAaMmp5tHYL4vOp3/AI=",
      "license": "MIT",
      "dependencies": {
        "@types/d3-selection": "*"
      }
    },
    "node_modules/@types/d3-dsv": {
      "version": "3.0.7",
      "resolved": "http://r.npm.sankuai.com/@types/d3-dsv/download/@types/d3-dsv-3.0.7.tgz",
      "integrity": "sha1-CjUfmW3Jmzf0+li0ksLRwE49rBc=",
      "license": "MIT"
    },
    "node_modules/@types/d3-ease": {
      "version": "3.0.2",
      "resolved": "http://r.npm.sankuai.com/@types/d3-ease/download/@types/d3-ease-3.0.2.tgz",
      "integrity": "sha1-4o2xv7+mFwdvd3DdHZpI6qO2xRs=",
      "license": "MIT"
    },
    "node_modules/@types/d3-fetch": {
      "version": "3.0.7",
      "resolved": "http://r.npm.sankuai.com/@types/d3-fetch/download/@types/d3-fetch-3.0.7.tgz",
      "integrity": "sha1-wEorTyMYGqN28wrwKD28eztWmYA=",
      "license": "MIT",
      "dependencies": {
        "@types/d3-dsv": "*"
      }
    },
    "node_modules/@types/d3-force": {
      "version": "3.0.10",
      "resolved": "http://r.npm.sankuai.com/@types/d3-force/download/@types/d3-force-3.0.10.tgz",
      "integrity": "sha1-bcj8bh81cE87BXCQvu63rGdL/xo=",
      "license": "MIT"
    },
    "node_modules/@types/d3-format": {
      "version": "3.0.4",
      "resolved": "http://r.npm.sankuai.com/@types/d3-format/download/@types/d3-format-3.0.4.tgz",
      "integrity": "sha1-seRGVkTds/3zomP+uyQKbNYW3pA=",
      "license": "MIT"
    },
    "node_modules/@types/d3-geo": {
      "version": "3.1.0",
      "resolved": "http://r.npm.sankuai.com/@types/d3-geo/download/@types/d3-geo-3.1.0.tgz",
      "integrity": "sha1-ueVqB5RJF08KLIaEqaTfP2BSJEA=",
      "license": "MIT",
      "dependencies": {
        "@types/geojson": "*"
      }
    },
    "node_modules/@types/d3-hierarchy": {
      "version": "3.1.7",
      "resolved": "http://r.npm.sankuai.com/@types/d3-hierarchy/download/@types/d3-hierarchy-3.1.7.tgz",
      "integrity": "sha1-YCP7Oy1GMiny1oD5rEtHRm9x8Xs=",
      "license": "MIT"
    },
    "node_modules/@types/d3-interpolate": {
      "version": "3.0.4",
      "resolved": "http://r.npm.sankuai.com/@types/d3-interpolate/download/@types/d3-interpolate-3.0.4.tgz",
      "integrity": "sha1-QSuQ6EhwKF8v+KhGxutgNE8SpBw=",
      "license": "MIT",
      "dependencies": {
        "@types/d3-color": "*"
      }
    },
    "node_modules/@types/d3-path": {
      "version": "3.1.1",
      "resolved": "http://r.npm.sankuai.com/@types/d3-path/download/@types/d3-path-3.1.1.tgz",
      "integrity": "sha1-9jKzgMOsoduo40qgSbzWpK8j34o=",
      "license": "MIT"
    },
    "node_modules/@types/d3-polygon": {
      "version": "3.0.2",
      "resolved": "http://r.npm.sankuai.com/@types/d3-polygon/download/@types/d3-polygon-3.0.2.tgz",
      "integrity": "sha1-365UptNdGedqyVZbyzKo5UaTGJw=",
      "license": "MIT"
    },
    "node_modules/@types/d3-quadtree": {
      "version": "3.0.6",
      "resolved": "http://r.npm.sankuai.com/@types/d3-quadtree/download/@types/d3-quadtree-3.0.6.tgz",
      "integrity": "sha1-1HQLD+NbHFi2bhSI9OftApUvVw8=",
      "license": "MIT"
    },
    "node_modules/@types/d3-random": {
      "version": "3.0.3",
      "resolved": "http://r.npm.sankuai.com/@types/d3-random/download/@types/d3-random-3.0.3.tgz",
      "integrity": "sha1-7ZlcceyxXgzTHiLZ1dI5QuMwDPs=",
      "license": "MIT"
    },
    "node_modules/@types/d3-scale": {
      "version": "4.0.9",
      "resolved": "http://r.npm.sankuai.com/@types/d3-scale/download/@types/d3-scale-4.0.9.tgz",
      "integrity": "sha1-V6L3ByQub+Hega17/Myq9gYXmvs=",
      "license": "MIT",
      "dependencies": {
        "@types/d3-time": "*"
      }
    },
    "node_modules/@types/d3-scale-chromatic": {
      "version": "3.1.0",
      "resolved": "http://r.npm.sankuai.com/@types/d3-scale-chromatic/download/@types/d3-scale-chromatic-3.1.0.tgz",
      "integrity": "sha1-3G1Pmpg3bxjqULrWw5U38bVGPDk=",
      "license": "MIT"
    },
    "node_modules/@types/d3-selection": {
      "version": "3.0.11",
      "resolved": "http://r.npm.sankuai.com/@types/d3-selection/download/@types/d3-selection-3.0.11.tgz",
      "integrity": "sha1-vXpF/AqMMWemMWdeYbwsorBY1KM=",
      "license": "MIT"
    },
    "node_modules/@types/d3-shape": {
      "version": "3.1.7",
      "resolved": "http://r.npm.sankuai.com/@types/d3-shape/download/@types/d3-shape-3.1.7.tgz",
      "integrity": "sha1-K3tCPcLf5pyMk1luZz43RDNIxVU=",
      "license": "MIT",
      "dependencies": {
        "@types/d3-path": "*"
      }
    },
    "node_modules/@types/d3-time": {
      "version": "3.0.4",
      "resolved": "http://r.npm.sankuai.com/@types/d3-time/download/@types/d3-time-3.0.4.tgz",
      "integrity": "sha1-hHL+7NY5aRRQ3YAA6zPt1EThMj8=",
      "license": "MIT"
    },
    "node_modules/@types/d3-time-format": {
      "version": "4.0.3",
      "resolved": "http://r.npm.sankuai.com/@types/d3-time-format/download/@types/d3-time-format-4.0.3.tgz",
      "integrity": "sha1-1rwea2p9tpzM+73Uw0twYy2enbI=",
      "license": "MIT"
    },
    "node_modules/@types/d3-timer": {
      "version": "3.0.2",
      "resolved": "http://r.npm.sankuai.com/@types/d3-timer/download/@types/d3-timer-3.0.2.tgz",
      "integrity": "sha1-cLvad9wjqnJ0E+IuIUr6Pw6FL3A=",
      "license": "MIT"
    },
    "node_modules/@types/d3-transition": {
      "version": "3.0.9",
      "resolved": "http://r.npm.sankuai.com/@types/d3-transition/download/@types/d3-transition-3.0.9.tgz",
      "integrity": "sha1-ETa8V+nds8OQ3MybX/O30rjZRwY=",
      "license": "MIT",
      "dependencies": {
        "@types/d3-selection": "*"
      }
    },
    "node_modules/@types/d3-zoom": {
      "version": "3.0.8",
      "resolved": "http://r.npm.sankuai.com/@types/d3-zoom/download/@types/d3-zoom-3.0.8.tgz",
      "integrity": "sha1-3Msy0cVrHhxuDxGA2ZSJbwOLxAs=",
      "license": "MIT",
      "dependencies": {
        "@types/d3-interpolate": "*",
        "@types/d3-selection": "*"
      }
    },
    "node_modules/@types/geojson": {
      "version": "7946.0.16",
      "resolved": "http://r.npm.sankuai.com/@types/geojson/download/@types/geojson-7946.0.16.tgz",
      "integrity": "sha1-jr5T1p762nBERU4zBcGQF9l87So=",
      "license": "MIT"
    },
    "node_modules/commander": {
      "version": "7.2.0",
      "resolved": "http://r.npm.sankuai.com/commander/download/commander-7.2.0.tgz",
      "integrity": "sha1-o2y1fQtQHOEI5NIFWaFQo5HZerc=",
      "license": "MIT",
      "engines": {
        "node": ">= 10"
      }
    },
    "node_modules/d3": {
      "version": "7.9.0",
      "resolved": "http://r.npm.sankuai.com/d3/download/d3-7.9.0.tgz",
      "integrity": "sha1-V556yz10nK+IYL0XQa6NNxBwzV0=",
      "license": "ISC",
      "dependencies": {
        "d3-array": "3",
        "d3-axis": "3",
        "d3-brush": "3",
        "d3-chord": "3",
        "d3-color": "3",
        "d3-contour": "4",
        "d3-delaunay": "6",
        "d3-dispatch": "3",
        "d3-drag": "3",
        "d3-dsv": "3",
        "d3-ease": "3",
        "d3-fetch": "3",
        "d3-force": "3",
        "d3-format": "3",
        "d3-geo": "3",
        "d3-hierarchy": "3",
        "d3-interpolate": "3",
        "d3-path": "3",
        "d3-polygon": "3",
        "d3-quadtree": "3",
        "d3-random": "3",
        "d3-scale": "4",
        "d3-scale-chromatic": "3",
        "d3-selection": "3",
        "d3-shape": "3",
        "d3-time": "3",
        "d3-time-format": "4",
        "d3-timer": "3",
        "d3-transition": "3",
        "d3-zoom": "3"
      },
      "engines": {
        "node": ">=12"
      }
    },
    "node_modules/d3-array": {
      "version": "3.2.4",
      "resolved": "http://r.npm.sankuai.com/d3-array/download/d3-array-3.2.4.tgz",
      "integrity": "sha1-Ff7DOyN/l6xdfJhtx32ic6jtC7U=",
      "license": "ISC",
      "dependencies": {
        "internmap": "1 - 2"
      },
      "engines": {
        "node": ">=12"
      }
    },
    "node_modules/d3-axis": {
      "version": "3.0.0",
      "resolved": "http://r.npm.sankuai.com/d3-axis/download/d3-axis-3.0.0.tgz",
      "integrity": "sha1-xCpKE+gTHWN7dF/Clzgkz+r5MyI=",
      "license": "ISC",
      "engines": {
        "node": ">=12"
      }
    },
    "node_modules/d3-brush": {
      "version": "3.0.0",
      "resolved": "http://r.npm.sankuai.com/d3-brush/download/d3-brush-3.0.0.tgz",
      "integrity": "sha1-b3Z8Ttjct53n7ePhwPieY+9k0xw=",
      "license": "ISC",
      "dependencies": {
        "d3-dispatch": "1 - 3",
        "d3-drag": "2 - 3",
        "d3-interpolate": "1 - 3",
        "d3-selection": "3",
        "d3-transition": "3"
      },
      "engines": {
        "node": ">=12"
      }
    },
    "node_modules/d3-chord": {
      "version": "3.0.1",
      "resolved": "http://r.npm.sankuai.com/d3-chord/download/d3-chord-3.0.1.tgz",
      "integrity": "sha1-0VbWH0hfzoMn5qvzOctB2Mu6aWY=",
      "license": "ISC",
      "dependencies": {
        "d3-path": "1 - 3"
      },
      "engines": {
        "node": ">=12"
      }
    },
    "node_modules/d3-color": {
      "version": "3.1.0",
      "resolved": "http://r.npm.sankuai.com/d3-color/download/d3-color-3.1.0.tgz",
      "integrity": "sha1-OVsoM9+scVB/EqwvevI7+BneJOI=",
      "license": "ISC",
      "engines": {
        "node": ">=12"
      }
    },
    "node_modules/d3-contour": {
      "version": "4.0.2",
      "resolved": "http://r.npm.sankuai.com/d3-contour/download/d3-contour-4.0.2.tgz",
      "integrity": "sha1-u5IGO8jFZjrLJCL5nHPLtsauO8w=",
      "license": "ISC",
      "dependencies": {
        "d3-array": "^3.2.0"
      },
      "engines": {
        "node": ">=12"
      }
    },
    "node_modules/d3-delaunay": {
      "version": "6.0.4",
      "resolved": "http://r.npm.sankuai.com/d3-delaunay/download/d3-delaunay-6.0.4.tgz",
      "integrity": "sha1-mBaQOHM6ClurvtpVBU95W7nkpYs=",
      "license": "ISC",
      "dependencies": {
        "delaunator": "5"
      },
      "engines": {
        "node": ">=12"
      }
    },
    "node_modules/d3-dispatch": {
      "version": "3.0.1",
      "resolved": "http://r.npm.sankuai.com/d3-dispatch/download/d3-dispatch-3.0.1.tgz",
      "integrity": "sha1-X8dShOnCN1w2yDlBGgz1UMv8TV4=",
      "license": "ISC",
      "engines": {
        "node": ">=12"
      }
    },
    "node_modules/d3-drag": {
      "version": "3.0.0",
      "resolved": "http://r.npm.sankuai.com/d3-drag/download/d3-drag-3.0.0.tgz",
      "integrity": "sha1-mUqunNI8cZ9TteEOOgphCMaWB7o=",
      "license": "ISC",
      "dependencies": {
        "d3-dispatch": "1 - 3",
        "d3-selection": "3"
      },
      "engines": {
        "node": ">=12"
      }
    },
    "node_modules/d3-dsv": {
      "version": "3.0.1",
      "resolved": "http://r.npm.sankuai.com/d3-dsv/download/d3-dsv-3.0.1.tgz",
      "integrity": "sha1-xjr5ePTWoNCEpSpnOSK+IWB4m3M=",
      "license": "ISC",
      "dependencies": {
        "commander": "7",
        "iconv-lite": "0.6",
        "rw": "1"
      },
      "bin": {
        "csv2json": "bin/dsv2json.js",
        "csv2tsv": "bin/dsv2dsv.js",
        "dsv2dsv": "bin/dsv2dsv.js",
        "dsv2json": "bin/dsv2json.js",
        "json2csv": "bin/json2dsv.js",
        "json2dsv": "bin/json2dsv.js",
        "json2tsv": "bin/json2dsv.js",
        "tsv2csv": "bin/dsv2dsv.js",
        "tsv2json": "bin/dsv2json.js"
      },
      "engines": {
        "node": ">=12"
      }
    },
    "node_modules/d3-ease": {
      "version": "3.0.1",
      "resolved": "http://r.npm.sankuai.com/d3-ease/download/d3-ease-3.0.1.tgz",
      "integrity": "sha1-llisOKIUDVnTRhYPH2ww/aC9EvQ=",
      "license": "BSD-3-Clause",
      "engines": {
        "node": ">=12"
      }
    },
    "node_modules/d3-fetch": {
      "version": "3.0.1",
      "resolved": "http://r.npm.sankuai.com/d3-fetch/download/d3-fetch-3.0.1.tgz",
      "integrity": "sha1-gxQb/5hWoO21443onNz+Y9CmCiI=",
      "license": "ISC",
      "dependencies": {
        "d3-dsv": "1 - 3"
      },
      "engines": {
        "node": ">=12"
      }
    },
    "node_modules/d3-force": {
      "version": "3.0.0",
      "resolved": "http://r.npm.sankuai.com/d3-force/download/d3-force-3.0.0.tgz",
      "integrity": "sha1-Piuhph5wiI/j2RlOMNbRTuzhVcQ=",
      "license": "ISC",
      "dependencies": {
        "d3-dispatch": "1 - 3",
        "d3-quadtree": "1 - 3",
        "d3-timer": "1 - 3"
      },
      "engines": {
        "node": ">=12"
      }
    },
    "node_modules/d3-format": {
      "version": "3.1.0",
      "resolved": "http://r.npm.sankuai.com/d3-format/download/d3-format-3.1.0.tgz",
      "integrity": "sha1-kmDiOijqXLEJ6TshoG4k4uvVVkE=",
      "license": "ISC",
      "engines": {
        "node": ">=12"
      }
    },
    "node_modules/d3-geo": {
      "version": "3.1.1",
      "resolved": "http://r.npm.sankuai.com/d3-geo/download/d3-geo-3.1.1.tgz",
      "integrity": "sha1-YCfPUSRvmy69ZPmeAdx8M2QDOk0=",
      "license": "ISC",
      "dependencies": {
        "d3-array": "2.5.0 - 3"
      },
      "engines": {
        "node": ">=12"
      }
    },
    "node_modules/d3-hierarchy": {
      "version": "3.1.2",
      "resolved": "http://r.npm.sankuai.com/d3-hierarchy/download/d3-hierarchy-3.1.2.tgz",
      "integrity": "sha1-sBzULB7tPUbbd6WWbPcm+MCRYMY=",
      "license": "ISC",
      "engines": {
        "node": ">=12"
      }
    },
    "node_modules/d3-interpolate": {
      "version": "3.0.1",
      "resolved": "http://r.npm.sankuai.com/d3-interpolate/download/d3-interpolate-3.0.1.tgz",
      "integrity": "sha1-PEeqWzLFs9+1bvP9Q0IHimMrQA0=",
      "license": "ISC",
      "dependencies": {
        "d3-color": "1 - 3"
      },
      "engines": {
        "node": ">=12"
      }
    },
    "node_modules/d3-path": {
      "version": "3.1.0",
      "resolved": "http://r.npm.sankuai.com/d3-path/download/d3-path-3.1.0.tgz",
      "integrity": "sha1-It+TkDL7WnGuixgA1h3beFHEJSY=",
      "license": "ISC",
      "engines": {
        "node": ">=12"
      }
    },
    "node_modules/d3-polygon": {
      "version": "3.0.1",
      "resolved": "http://r.npm.sankuai.com/d3-polygon/download/d3-polygon-3.0.1.tgz",
      "integrity": "sha1-C0XT3RxIopyOBX5hNWk+yAvxY5g=",
      "license": "ISC",
      "engines": {
        "node": ">=12"
      }
    },
    "node_modules/d3-quadtree": {
      "version": "3.0.1",
      "resolved": "http://r.npm.sankuai.com/d3-quadtree/download/d3-quadtree-3.0.1.tgz",
      "integrity": "sha1-bco+i+Kzk8mp1RTau9gKkt7vGk8=",
      "license": "ISC",
      "engines": {
        "node": ">=12"
      }
    },
    "node_modules/d3-random": {
      "version": "3.0.1",
      "resolved": "http://r.npm.sankuai.com/d3-random/download/d3-random-3.0.1.tgz",
      "integrity": "sha1-1JJjeNMz2cC/0eb6AZTTCuuqIPQ=",
      "license": "ISC",
      "engines": {
        "node": ">=12"
      }
    },
    "node_modules/d3-scale": {
      "version": "4.0.2",
      "resolved": "http://r.npm.sankuai.com/d3-scale/download/d3-scale-4.0.2.tgz",
      "integrity": "sha1-grOOjo/3CAdk+Nzsd71L45Nok5Y=",
      "license": "ISC",
      "dependencies": {
        "d3-array": "2.10.0 - 3",
        "d3-format": "1 - 3",
        "d3-interpolate": "1.2.0 - 3",
        "d3-time": "2.1.1 - 3",
        "d3-time-format": "2 - 4"
      },
      "engines": {
        "node": ">=12"
      }
    },
    "node_modules/d3-scale-chromatic": {
      "version": "3.1.0",
      "resolved": "http://r.npm.sankuai.com/d3-scale-chromatic/download/d3-scale-chromatic-3.1.0.tgz",
      "integrity": "sha1-NMOdopiyPCDgLxpLI5vQ8i5/ExQ=",
      "license": "ISC",
      "dependencies": {
        "d3-color": "1 - 3",
        "d3-interpolate": "1 - 3"
      },
      "engines": {
        "node": ">=12"
      }
    },
    "node_modules/d3-selection": {
      "version": "3.0.0",
      "resolved": "http://r.npm.sankuai.com/d3-selection/download/d3-selection-3.0.0.tgz",
      "integrity": "sha1-wlM4IH76csxbm9FFihpBkB8eGzE=",
      "license": "ISC",
      "engines": {
        "node": ">=12"
      }
    },
    "node_modules/d3-shape": {
      "version": "3.2.0",
      "resolved": "http://r.npm.sankuai.com/d3-shape/download/d3-shape-3.2.0.tgz",
      "integrity": "sha1-oag5y9m6RfKGdMadf4Vbz5HfxqU=",
      "license": "ISC",
      "dependencies": {
        "d3-path": "^3.1.0"
      },
      "engines": {
        "node": ">=12"
      }
    },
    "node_modules/d3-time": {
      "version": "3.1.0",
      "resolved": "http://r.npm.sankuai.com/d3-time/download/d3-time-3.1.0.tgz",
      "integrity": "sha1-kxDbVumS48AXXh7zheVF5Iqbtcc=",
      "license": "ISC",
      "dependencies": {
        "d3-array": "2 - 3"
      },
      "engines": {
        "node": ">=12"
      }
    },
    "node_modules/d3-time-format": {
      "version": "4.1.0",
      "resolved": "http://r.npm.sankuai.com/d3-time-format/download/d3-time-format-4.1.0.tgz",
      "integrity": "sha1-erUlelBB0R7LT+cKXH0WoZW7QIo=",
      "license": "ISC",
      "dependencies": {
        "d3-time": "1 - 3"
      },
      "engines": {
        "node": ">=12"
      }
    },
    "node_modules/d3-timer": {
      "version": "3.0.1",
      "resolved": "http://r.npm.sankuai.com/d3-timer/download/d3-timer-3.0.1.tgz",
      "integrity": "sha1-YoTSonCChbGrt+IB7aQ4CvNeY7A=",
      "license": "ISC",
      "engines": {
        "node": ">=12"
      }
    },
    "node_modules/d3-transition": {
      "version": "3.0.1",
      "resolved": "http://r.npm.sankuai.com/d3-transition/download/d3-transition-3.0.1.tgz",
      "integrity": "sha1-aGn93hRIhoB3/dWYkgDLYbKhZF8=",
      "license": "ISC",
      "dependencies": {
        "d3-color": "1 - 3",
        "d3-dispatch": "1 - 3",
        "d3-ease": "1 - 3",
        "d3-interpolate": "1 - 3",
        "d3-timer": "1 - 3"
      },
      "engines": {
        "node": ">=12"
      },
      "peerDependencies": {
        "d3-selection": "2 - 3"
      }
    },
    "node_modules/d3-zoom": {
      "version": "3.0.0",
      "resolved": "http://r.npm.sankuai.com/d3-zoom/download/d3-zoom-3.0.0.tgz",
      "integrity": "sha1-0T9BZccyF//qpUKVzWlps+eu6PM=",
      "license": "ISC",
      "dependencies": {
        "d3-dispatch": "1 - 3",
        "d3-drag": "2 - 3",
        "d3-interpolate": "1 - 3",
        "d3-selection": "2 - 3",
        "d3-transition": "2 - 3"
      },
      "engines": {
        "node": ">=12"
      }
    },
    "node_modules/delaunator": {
      "version": "5.0.1",
      "resolved": "http://r.npm.sankuai.com/delaunator/download/delaunator-5.0.1.tgz",
      "integrity": "sha1-OQMrCAU5I+kk1glP4s3hqZzFEng=",
      "license": "ISC",
      "dependencies": {
        "robust-predicates": "^3.0.2"
      }
    },
    "node_modules/iconv-lite": {
      "version": "0.6.3",
      "resolved": "http://r.npm.sankuai.com/iconv-lite/download/iconv-lite-0.6.3.tgz",
      "integrity": "sha1-pS+AvzjaGVLrXGgXkHGYcaGnJQE=",
      "license": "MIT",
      "dependencies": {
        "safer-buffer": ">= 2.1.2 < 3.0.0"
      },
      "engines": {
        "node": ">=0.10.0"
      }
    },
    "node_modules/internmap": {
      "version": "2.0.3",
      "resolved": "http://r.npm.sankuai.com/internmap/download/internmap-2.0.3.tgz",
      "integrity": "sha1-ZoXyN1XkPFJOJR0py8lySOMGEAk=",
      "license": "ISC",
      "engines": {
        "node": ">=12"
      }
    },
    "node_modules/robust-predicates": {
      "version": "3.0.2",
      "resolved": "http://r.npm.sankuai.com/robust-predicates/download/robust-predicates-3.0.2.tgz",
      "integrity": "sha1-1bKFKMSCTSD8SN8ZKNQdnvoa13E=",
      "license": "Unlicense"
    },
    "node_modules/rw": {
      "version": "1.3.3",
      "resolved": "http://r.npm.sankuai.com/rw/download/rw-1.3.3.tgz",
      "integrity": "sha1-P4Yt+pGrdmsUiF700BEkv9oHT7Q=",
      "license": "BSD-3-Clause"
    },
    "node_modules/safer-buffer": {
      "version": "2.1.2",
      "resolved": "http://r.npm.sankuai.com/safer-buffer/download/safer-buffer-2.1.2.tgz",
      "integrity": "sha1-RPoWGwGHuVSd2Eu5GAL5vYOFzWo=",
      "license": "MIT"
    }
  }
}
